// !$*UTF8*$!
{
	archiveVersion = 1;
	classes = {
	};
	objectVersion = 46;
	objects = {

/* Begin PBXBuildFile section */
		1A2F56C0F030191DCE1804FE /* Pods_Flicks.framework in Frameworks */ = {isa = PBXBuildFile; fileRef = 5491DA5C5EBB7ADB4C5A75DD /* Pods_Flicks.framework */; };
		597D24B21C619C97004AA82D /* DetailViewController.swift in Sources */ = {isa = PBXBuildFile; fileRef = 597D24B11C619C97004AA82D /* DetailViewController.swift */; };
		599544DE1C57ED05003808DD /* MoviesViewController.swift in Sources */ = {isa = PBXBuildFile; fileRef = 599544DD1C57ED05003808DD /* MoviesViewController.swift */; };
		599544E11C583012003808DD /* MovieCell.swift in Sources */ = {isa = PBXBuildFile; fileRef = 599544E01C583012003808DD /* MovieCell.swift */; };
		59B3B0E81C5724DC007FDD39 /* AppDelegate.swift in Sources */ = {isa = PBXBuildFile; fileRef = 59B3B0E71C5724DC007FDD39 /* AppDelegate.swift */; };
		59B3B0ED1C5724DC007FDD39 /* Main.storyboard in Resources */ = {isa = PBXBuildFile; fileRef = 59B3B0EB1C5724DC007FDD39 /* Main.storyboard */; };
		59B3B0EF1C5724DC007FDD39 /* Images.xcassets in Resources */ = {isa = PBXBuildFile; fileRef = 59B3B0EE1C5724DC007FDD39 /* Images.xcassets */; };
		59B3B0FE1C5724DC007FDD39 /* FlicksTests.swift in Sources */ = {isa = PBXBuildFile; fileRef = 59B3B0FD1C5724DC007FDD39 /* FlicksTests.swift */; };
/* End PBXBuildFile section */

/* Begin PBXContainerItemProxy section */
		59B3B0F81C5724DC007FDD39 /* PBXContainerItemProxy */ = {
			isa = PBXContainerItemProxy;
			containerPortal = 59B3B0DA1C5724DC007FDD39 /* Project object */;
			proxyType = 1;
			remoteGlobalIDString = 59B3B0E11C5724DC007FDD39;
			remoteInfo = Flicks;
		};
/* End PBXContainerItemProxy section */

/* Begin PBXFileReference section */
		5491DA5C5EBB7ADB4C5A75DD /* Pods_Flicks.framework */ = {isa = PBXFileReference; explicitFileType = wrapper.framework; includeInIndex = 0; path = Pods_Flicks.framework; sourceTree = BUILT_PRODUCTS_DIR; };
		597D24B11C619C97004AA82D /* DetailViewController.swift */ = {isa = PBXFileReference; fileEncoding = 4; lastKnownFileType = sourcecode.swift; path = DetailViewController.swift; sourceTree = "<group>"; };
		599544DD1C57ED05003808DD /* MoviesViewController.swift */ = {isa = PBXFileReference; fileEncoding = 4; lastKnownFileType = sourcecode.swift; path = MoviesViewController.swift; sourceTree = "<group>"; };
		599544E01C583012003808DD /* MovieCell.swift */ = {isa = PBXFileReference; fileEncoding = 4; lastKnownFileType = sourcecode.swift; path = MovieCell.swift; sourceTree = "<group>"; };
		59B3B0E21C5724DC007FDD39 /* Flicks.app */ = {isa = PBXFileReference; explicitFileType = wrapper.application; includeInIndex = 0; path = Flicks.app; sourceTree = BUILT_PRODUCTS_DIR; };
		59B3B0E61C5724DC007FDD39 /* Info.plist */ = {isa = PBXFileReference; lastKnownFileType = text.plist.xml; path = Info.plist; sourceTree = "<group>"; };
		59B3B0E71C5724DC007FDD39 /* AppDelegate.swift */ = {isa = PBXFileReference; lastKnownFileType = sourcecode.swift; path = AppDelegate.swift; sourceTree = "<group>"; };
		59B3B0EC1C5724DC007FDD39 /* Base */ = {isa = PBXFileReference; lastKnownFileType = file.storyboard; name = Base; path = Base.lproj/Main.storyboard; sourceTree = "<group>"; };
		59B3B0EE1C5724DC007FDD39 /* Images.xcassets */ = {isa = PBXFileReference; lastKnownFileType = folder.assetcatalog; path = Images.xcassets; sourceTree = "<group>"; };
		59B3B0F71C5724DC007FDD39 /* FlicksTests.xctest */ = {isa = PBXFileReference; explicitFileType = wrapper.cfbundle; includeInIndex = 0; path = FlicksTests.xctest; sourceTree = BUILT_PRODUCTS_DIR; };
		59B3B0FC1C5724DC007FDD39 /* Info.plist */ = {isa = PBXFileReference; lastKnownFileType = text.plist.xml; path = Info.plist; sourceTree = "<group>"; };
		59B3B0FD1C5724DC007FDD39 /* FlicksTests.swift */ = {isa = PBXFileReference; lastKnownFileType = sourcecode.swift; path = FlicksTests.swift; sourceTree = "<group>"; };
		D09382E02A970625DD8FD286 /* Pods-Flicks.debug.xcconfig */ = {isa = PBXFileReference; includeInIndex = 1; lastKnownFileType = text.xcconfig; name = "Pods-Flicks.debug.xcconfig"; path = "Pods/Target Support Files/Pods-Flicks/Pods-Flicks.debug.xcconfig"; sourceTree = "<group>"; };
		F238878DCCB9578CA3BD771E /* Pods-Flicks.release.xcconfig */ = {isa = PBXFileReference; includeInIndex = 1; lastKnownFileType = text.xcconfig; name = "Pods-Flicks.release.xcconfig"; path = "Pods/Target Support Files/Pods-Flicks/Pods-Flicks.release.xcconfig"; sourceTree = "<group>"; };
/* End PBXFileReference section */

/* Begin PBXFrameworksBuildPhase section */
		59B3B0DF1C5724DC007FDD39 /* Frameworks */ = {
			isa = PBXFrameworksBuildPhase;
			buildActionMask = 2147483647;
			files = (
				1A2F56C0F030191DCE1804FE /* Pods_Flicks.framework in Frameworks */,
			);
			runOnlyForDeploymentPostprocessing = 0;
		};
		59B3B0F41C5724DC007FDD39 /* Frameworks */ = {
			isa = PBXFrameworksBuildPhase;
			buildActionMask = 2147483647;
			files = (
			);
			runOnlyForDeploymentPostprocessing = 0;
		};
/* End PBXFrameworksBuildPhase section */

/* Begin PBXGroup section */
		599544DF1C582FCD003808DD /* Views */ = {
			isa = PBXGroup;
			children = (
				599544E01C583012003808DD /* MovieCell.swift */,
			);
			name = Views;
			sourceTree = "<group>";
		};
		599544E21C583023003808DD /* ViewController */ = {
			isa = PBXGroup;
			children = (
				599544DD1C57ED05003808DD /* MoviesViewController.swift */,
				597D24B11C619C97004AA82D /* DetailViewController.swift */,
			);
			name = ViewController;
			sourceTree = "<group>";
		};
		59B3B0D91C5724DC007FDD39 = {
			isa = PBXGroup;
			children = (
				59B3B0E41C5724DC007FDD39 /* Flicks */,
				59B3B0FA1C5724DC007FDD39 /* FlicksTests */,
				59B3B0E31C5724DC007FDD39 /* Products */,
				CC4366338930CC04DA5E2E2A /* Pods */,
				7115E47D82C29487B64FEC6D /* Frameworks */,
			);
			sourceTree = "<group>";
		};
		59B3B0E31C5724DC007FDD39 /* Products */ = {
			isa = PBXGroup;
			children = (
				59B3B0E21C5724DC007FDD39 /* Flicks.app */,
				59B3B0F71C5724DC007FDD39 /* FlicksTests.xctest */,
			);
			name = Products;
			sourceTree = "<group>";
		};
		59B3B0E41C5724DC007FDD39 /* Flicks */ = {
			isa = PBXGroup;
			children = (
				599544E21C583023003808DD /* ViewController */,
				599544DF1C582FCD003808DD /* Views */,
				59B3B0E71C5724DC007FDD39 /* AppDelegate.swift */,
				59B3B0EB1C5724DC007FDD39 /* Main.storyboard */,
				59B3B0EE1C5724DC007FDD39 /* Images.xcassets */,
				59B3B0E51C5724DC007FDD39 /* Supporting Files */,
			);
			path = Flicks;
			sourceTree = "<group>";
		};
		59B3B0E51C5724DC007FDD39 /* Supporting Files */ = {
			isa = PBXGroup;
			children = (
				59B3B0E61C5724DC007FDD39 /* Info.plist */,
			);
			name = "Supporting Files";
			sourceTree = "<group>";
		};
		59B3B0FA1C5724DC007FDD39 /* FlicksTests */ = {
			isa = PBXGroup;
			children = (
				59B3B0FD1C5724DC007FDD39 /* FlicksTests.swift */,
				59B3B0FB1C5724DC007FDD39 /* Supporting Files */,
			);
			path = FlicksTests;
			sourceTree = "<group>";
		};
		59B3B0FB1C5724DC007FDD39 /* Supporting Files */ = {
			isa = PBXGroup;
			children = (
				59B3B0FC1C5724DC007FDD39 /* Info.plist */,
			);
			name = "Supporting Files";
			sourceTree = "<group>";
		};
		7115E47D82C29487B64FEC6D /* Frameworks */ = {
			isa = PBXGroup;
			children = (
				5491DA5C5EBB7ADB4C5A75DD /* Pods_Flicks.framework */,
			);
			name = Frameworks;
			sourceTree = "<group>";
		};
		CC4366338930CC04DA5E2E2A /* Pods */ = {
			isa = PBXGroup;
			children = (
				D09382E02A970625DD8FD286 /* Pods-Flicks.debug.xcconfig */,
				F238878DCCB9578CA3BD771E /* Pods-Flicks.release.xcconfig */,
			);
			name = Pods;
			sourceTree = "<group>";
		};
/* End PBXGroup section */

/* Begin PBXNativeTarget section */
		59B3B0E11C5724DC007FDD39 /* Flicks */ = {
			isa = PBXNativeTarget;
			buildConfigurationList = 59B3B1011C5724DC007FDD39 /* Build configuration list for PBXNativeTarget "Flicks" */;
			buildPhases = (
				16CF36B190D64CB94E136D97 /* Check Pods Manifest.lock */,
				59B3B0DE1C5724DC007FDD39 /* Sources */,
				59B3B0DF1C5724DC007FDD39 /* Frameworks */,
				59B3B0E01C5724DC007FDD39 /* Resources */,
				E24EB82517115982CF47E31D /* Embed Pods Frameworks */,
				B8956A970B34AE6ECF8B382E /* Copy Pods Resources */,
			);
			buildRules = (
			);
			dependencies = (
			);
			name = Flicks;
			productName = Flicks;
			productReference = 59B3B0E21C5724DC007FDD39 /* Flicks.app */;
			productType = "com.apple.product-type.application";
		};
		59B3B0F61C5724DC007FDD39 /* FlicksTests */ = {
			isa = PBXNativeTarget;
			buildConfigurationList = 59B3B1041C5724DC007FDD39 /* Build configuration list for PBXNativeTarget "FlicksTests" */;
			buildPhases = (
				59B3B0F31C5724DC007FDD39 /* Sources */,
				59B3B0F41C5724DC007FDD39 /* Frameworks */,
				59B3B0F51C5724DC007FDD39 /* Resources */,
			);
			buildRules = (
			);
			dependencies = (
				59B3B0F91C5724DC007FDD39 /* PBXTargetDependency */,
			);
			name = FlicksTests;
			productName = FlicksTests;
			productReference = 59B3B0F71C5724DC007FDD39 /* FlicksTests.xctest */;
			productType = "com.apple.product-type.bundle.unit-test";
		};
/* End PBXNativeTarget section */

/* Begin PBXProject section */
		59B3B0DA1C5724DC007FDD39 /* Project object */ = {
			isa = PBXProject;
			attributes = {
				LastSwiftUpdateCheck = 0720;
				LastUpgradeCheck = 0720;
				ORGANIZATIONNAME = "Aashima Garg";
				TargetAttributes = {
					59B3B0E11C5724DC007FDD39 = {
						CreatedOnToolsVersion = 6.4;
					};
					59B3B0F61C5724DC007FDD39 = {
						CreatedOnToolsVersion = 6.4;
						TestTargetID = 59B3B0E11C5724DC007FDD39;
					};
				};
			};
			buildConfigurationList = 59B3B0DD1C5724DC007FDD39 /* Build configuration list for PBXProject "Flicks" */;
			compatibilityVersion = "Xcode 3.2";
			developmentRegion = English;
			hasScannedForEncodings = 0;
			knownRegions = (
				en,
				Base,
			);
			mainGroup = 59B3B0D91C5724DC007FDD39;
			productRefGroup = 59B3B0E31C5724DC007FDD39 /* Products */;
			projectDirPath = "";
			projectRoot = "";
			targets = (
				59B3B0E11C5724DC007FDD39 /* Flicks */,
				59B3B0F61C5724DC007FDD39 /* FlicksTests */,
			);
		};
/* End PBXProject section */

/* Begin PBXResourcesBuildPhase section */
		59B3B0E01C5724DC007FDD39 /* Resources */ = {
			isa = PBXResourcesBuildPhase;
			buildActionMask = 2147483647;
			files = (
				59B3B0ED1C5724DC007FDD39 /* Main.storyboard in Resources */,
				59B3B0EF1C5724DC007FDD39 /* Images.xcassets in Resources */,
			);
			runOnlyForDeploymentPostprocessing = 0;
		};
		59B3B0F51C5724DC007FDD39 /* Resources */ = {
			isa = PBXResourcesBuildPhase;
			buildActionMask = 2147483647;
			files = (
			);
			runOnlyForDeploymentPostprocessing = 0;
		};
/* End PBXResourcesBuildPhase section */

/* Begin PBXShellScriptBuildPhase section */
		16CF36B190D64CB94E136D97 /* Check Pods Manifest.lock */ = {
			isa = PBXShellScriptBuildPhase;
			buildActionMask = 2147483647;
			files = (
			);
			inputPaths = (
			);
			name = "Check Pods Manifest.lock";
			outputPaths = (
			);
			runOnlyForDeploymentPostprocessing = 0;
			shellPath = /bin/sh;
			shellScript = "diff \"${PODS_ROOT}/../Podfile.lock\" \"${PODS_ROOT}/Manifest.lock\" > /dev/null\nif [[ $? != 0 ]] ; then\n    cat << EOM\nerror: The sandbox is not in sync with the Podfile.lock. Run 'pod install' or update your CocoaPods installation.\nEOM\n    exit 1\nfi\n";
			showEnvVarsInLog = 0;
		};
		B8956A970B34AE6ECF8B382E /* Copy Pods Resources */ = {
			isa = PBXShellScriptBuildPhase;
			buildActionMask = 2147483647;
			files = (
			);
			inputPaths = (
			);
			name = "Copy Pods Resources";
			outputPaths = (
			);
			runOnlyForDeploymentPostprocessing = 0;
			shellPath = /bin/sh;
			shellScript = "\"${SRCROOT}/Pods/Target Support Files/Pods-Flicks/Pods-Flicks-resources.sh\"\n";
			showEnvVarsInLog = 0;
		};
		E24EB82517115982CF47E31D /* Embed Pods Frameworks */ = {
			isa = PBXShellScriptBuildPhase;
			buildActionMask = 2147483647;
			files = (
			);
			inputPaths = (
			);
			name = "Embed Pods Frameworks";
			outputPaths = (
			);
			runOnlyForDeploymentPostprocessing = 0;
			shellPath = /bin/sh;
			shellScript = "\"${SRCROOT}/Pods/Target Support Files/Pods-Flicks/Pods-Flicks-frameworks.sh\"\n";
			showEnvVarsInLog = 0;
		};
/* End PBXShellScriptBuildPhase section */

/* Begin PBXSourcesBuildPhase section */
		59B3B0DE1C5724DC007FDD39 /* Sources */ = {
			isa = PBXSourcesBuildPhase;
			buildActionMask = 2147483647;
			files = (
				59B3B0E81C5724DC007FDD39 /* AppDelegate.swift in Sources */,
				599544DE1C57ED05003808DD /* MoviesViewController.swift in Sources */,
				599544E11C583012003808DD /* MovieCell.swift in Sources */,
				597D24B21C619C97004AA82D /* DetailViewController.swift in Sources */,
			);
			runOnlyForDeploymentPostprocessing = 0;
		};
		59B3B0F31C5724DC007FDD39 /* Sources */ = {
			isa = PBXSourcesBuildPhase;
			buildActionMask = 2147483647;
			files = (
				59B3B0FE1C5724DC007FDD39 /* FlicksTests.swift in Sources */,
			);
			runOnlyForDeploymentPostprocessing = 0;
		};
/* End PBXSourcesBuildPhase section */

/* Begin PBXTargetDependency section */
		59B3B0F91C5724DC007FDD39 /* PBXTargetDependency */ = {
			isa = PBXTargetDependency;
			target = 59B3B0E11C5724DC007FDD39 /* Flicks */;
			targetProxy = 59B3B0F81C5724DC007FDD39 /* PBXContainerItemProxy */;
		};
/* End PBXTargetDependency section */

/* Begin PBXVariantGroup section */
		59B3B0EB1C5724DC007FDD39 /* Main.storyboard */ = {
			isa = PBXVariantGroup;
			children = (
				59B3B0EC1C5724DC007FDD39 /* Base */,
			);
			name = Main.storyboard;
			sourceTree = "<group>";
		};
/* End PBXVariantGroup section */

/* Begin XCBuildConfiguration section */
		59B3B0FF1C5724DC007FDD39 /* Debug */ = {
			isa = XCBuildConfiguration;
			buildSettings = {
				ALWAYS_SEARCH_USER_PATHS = NO;
				CLANG_CXX_LANGUAGE_STANDARD = "gnu++0x";
				CLANG_CXX_LIBRARY = "libc++";
				CLANG_ENABLE_MODULES = YES;
				CLANG_ENABLE_OBJC_ARC = YES;
				CLANG_WARN_BOOL_CONVERSION = YES;
				CLANG_WARN_CONSTANT_CONVERSION = YES;
				CLANG_WARN_DIRECT_OBJC_ISA_USAGE = YES_ERROR;
				CLANG_WARN_EMPTY_BODY = YES;
				CLANG_WARN_ENUM_CONVERSION = YES;
				CLANG_WARN_INT_CONVERSION = YES;
				CLANG_WARN_OBJC_ROOT_CLASS = YES_ERROR;
				CLANG_WARN_UNREACHABLE_CODE = YES;
				CLANG_WARN__DUPLICATE_METHOD_MATCH = YES;
				"CODE_SIGN_IDENTITY[sdk=iphoneos*]" = "iPhone Developer";
				COPY_PHASE_STRIP = NO;
				DEBUG_INFORMATION_FORMAT = "dwarf-with-dsym";
				ENABLE_STRICT_OBJC_MSGSEND = YES;
				ENABLE_TESTABILITY = YES;
				GCC_C_LANGUAGE_STANDARD = gnu99;
				GCC_DYNAMIC_NO_PIC = NO;
				GCC_NO_COMMON_BLOCKS = YES;
				GCC_OPTIMIZATION_LEVEL = 0;
				GCC_PREPROCESSOR_DEFINITIONS = (
					"DEBUG=1",
					"$(inherited)",
				);
				GCC_SYMBOLS_PRIVATE_EXTERN = NO;
				GCC_WARN_64_TO_32_BIT_CONVERSION = YES;
				GCC_WARN_ABOUT_RETURN_TYPE = YES_ERROR;
				GCC_WARN_UNDECLARED_SELECTOR = YES;
				GCC_WARN_UNINITIALIZED_AUTOS = YES_AGGRESSIVE;
				GCC_WARN_UNUSED_FUNCTION = YES;
				GCC_WARN_UNUSED_VARIABLE = YES;
				IPHONEOS_DEPLOYMENT_TARGET = 8.4;
				MTL_ENABLE_DEBUG_INFO = YES;
				ONLY_ACTIVE_ARCH = YES;
				SDKROOT = iphoneos;
				SWIFT_OPTIMIZATION_LEVEL = "-Onone";
				TARGETED_DEVICE_FAMILY = "1,2";
			};
			name = Debug;
		};
		59B3B1001C5724DC007FDD39 /* Release */ = {
			isa = XCBuildConfiguration;
			buildSettings = {
				ALWAYS_SEARCH_USER_PATHS = NO;
				CLANG_CXX_LANGUAGE_STANDARD = "gnu++0x";
				CLANG_CXX_LIBRARY = "libc++";
				CLANG_ENABLE_MODULES = YES;
				CLANG_ENABLE_OBJC_ARC = YES;
				CLANG_WARN_BOOL_CONVERSION = YES;
				CLANG_WARN_CONSTANT_CONVERSION = YES;
				CLANG_WARN_DIRECT_OBJC_ISA_USAGE = YES_ERROR;
				CLANG_WARN_EMPTY_BODY = YES;
				CLANG_WARN_ENUM_CONVERSION = YES;
				CLANG_WARN_INT_CONVERSION = YES;
				CLANG_WARN_OBJC_ROOT_CLASS = YES_ERROR;
				CLANG_WARN_UNREACHABLE_CODE = YES;
				CLANG_WARN__DUPLICATE_METHOD_MATCH = YES;
				"CODE_SIGN_IDENTITY[sdk=iphoneos*]" = "iPhone Developer";
				COPY_PHASE_STRIP = NO;
				DEBUG_INFORMATION_FORMAT = "dwarf-with-dsym";
				ENABLE_NS_ASSERTIONS = NO;
				ENABLE_STRICT_OBJC_MSGSEND = YES;
				GCC_C_LANGUAGE_STANDARD = gnu99;
				GCC_NO_COMMON_BLOCKS = YES;
				GCC_WARN_64_TO_32_BIT_CONVERSION = YES;
				GCC_WARN_ABOUT_RETURN_TYPE = YES_ERROR;
				GCC_WARN_UNDECLARED_SELECTOR = YES;
				GCC_WARN_UNINITIALIZED_AUTOS = YES_AGGRESSIVE;
				GCC_WARN_UNUSED_FUNCTION = YES;
				GCC_WARN_UNUSED_VARIABLE = YES;
				IPHONEOS_DEPLOYMENT_TARGET = 8.4;
				MTL_ENABLE_DEBUG_INFO = NO;
				SDKROOT = iphoneos;
				TARGETED_DEVICE_FAMILY = "1,2";
				VALIDATE_PRODUCT = YES;
			};
			name = Release;
		};
		59B3B1021C5724DC007FDD39 /* Debug */ = {
			isa = XCBuildConfiguration;
			baseConfigurationReference = D09382E02A970625DD8FD286 /* Pods-Flicks.debug.xcconfig */;
			buildSettings = {
				ASSETCATALOG_COMPILER_APPICON_NAME = AppIcon;
				INFOPLIST_FILE = Flicks/Info.plist;
				LD_RUNPATH_SEARCH_PATHS = "$(inherited) @executable_path/Frameworks";
				PRODUCT_BUNDLE_IDENTIFIER = "com.example.TaskBar.$(PRODUCT_NAME:rfc1034identifier)";
				PRODUCT_NAME = "$(TARGET_NAME)";
			};
			name = Debug;
		};
		59B3B1031C5724DC007FDD39 /* Release */ = {
			isa = XCBuildConfiguration;
			baseConfigurationReference = F238878DCCB9578CA3BD771E /* Pods-Flicks.release.xcconfig */;
			buildSettings = {
				ASSETCATALOG_COMPILER_APPICON_NAME = AppIcon;
				INFOPLIST_FILE = Flicks/Info.plist;
				LD_RUNPATH_SEARCH_PATHS = "$(inherited) @executable_path/Frameworks";
				PRODUCT_BUNDLE_IDENTIFIER = "com.example.TaskBar.$(PRODUCT_NAME:rfc1034identifier)";
				PRODUCT_NAME = "$(TARGET_NAME)";
			};
			name = Release;
		};
		59B3B1051C5724DC007FDD39 /* Debug */ = {
			isa = XCBuildConfiguration;
			buildSettings = {
				BUNDLE_LOADER = "$(TEST_HOST)";
				FRAMEWORK_SEARCH_PATHS = (
					"$(SDKROOT)/Developer/Library/Frameworks",
					"$(inherited)",
				);
				GCC_PREPROCESSOR_DEFINITIONS = (
					"DEBUG=1",
					"$(inherited)",
				);
				INFOPLIST_FILE = FlicksTests/Info.plist;
				LD_RUNPATH_SEARCH_PATHS = "$(inherited) @executable_path/Frameworks @loader_path/Frameworks";
				PRODUCT_BUNDLE_IDENTIFIER = "com.example.TaskBar.$(PRODUCT_NAME:rfc1034identifier)";
				PRODUCT_NAME = "$(TARGET_NAME)";
				TEST_HOST = "$(BUILT_PRODUCTS_DIR)/Flicks.app/Flicks";
			};
			name = Debug;
		};
		59B3B1061C5724DC007FDD39 /* Release */ = {
			isa = XCBuildConfiguration;
			buildSettings = {
				BUNDLE_LOADER = "$(TEST_HOST)";
				FRAMEWORK_SEARCH_PATHS = (
					"$(SDKROOT)/Developer/Library/Frameworks",
					"$(inherited)",
				);
				INFOPLIST_FILE = FlicksTests/Info.plist;
				LD_RUNPATH_SEARCH_PATHS = "$(inherited) @executable_path/Frameworks @loader_path/Frameworks";
				PRODUCT_BUNDLE_IDENTIFIER = "com.example.TaskBar.$(PRODUCT_NAME:rfc1034identifier)";
				PRODUCT_NAME = "$(TARGET_NAME)";
				TEST_HOST = "$(BUILT_PRODUCTS_DIR)/Flicks.app/Flicks";
			};
			name = Release;
		};
/* End XCBuildConfiguration section */

/* Begin XCConfigurationList section */
		59B3B0DD1C5724DC007FDD39 /* Build configuration list for PBXProject "Flicks" */ = {
			isa = XCConfigurationList;
			buildConfigurations = (
				59B3B0FF1C5724DC007FDD39 /* Debug */,
				59B3B1001C5724DC007FDD39 /* Release */,
			);
			defaultConfigurationIsVisible = 0;
			defaultConfigurationName = Release;
		};
		59B3B1011C5724DC007FDD39 /* Build configuration list for PBXNativeTarget "Flicks" */ = {
			isa = XCConfigurationList;
			buildConfigurations = (
				59B3B1021C5724DC007FDD39 /* Debug */,
				59B3B1031C5724DC007FDD39 /* Release */,
			);
			defaultConfigurationIsVisible = 0;
			defaultConfigurationName = Release;
		};
		59B3B1041C5724DC007FDD39 /* Build configuration list for PBXNativeTarget "FlicksTests" */ = {
			isa = XCConfigurationList;
			buildConfigurations = (
				59B3B1051C5724DC007FDD39 /* Debug */,
				59B3B1061C5724DC007FDD39 /* Release */,
			);
			defaultConfigurationIsVisible = 0;
			defaultConfigurationName = Release;
		};
/* End XCConfigurationList section */
	};
	rootObject = 59B3B0DA1C5724DC007FDD39 /* Project object */;
}
